lockfileVersion: '9.0'

settings:
  autoInstallPeers: true
  excludeLinksFromLockfile: false

importers:

  .:
    devDependencies:
      '@types/firefox-webext-browser':
        specifier: ^143.0.0
        version: 143.0.0
      typescript:
        specifier: ^5.9.3
        version: 5.9.3

packages:

  '@types/firefox-webext-browser@143.0.0':
    resolution: {integrity: sha512-865dYKMOP0CllFyHmgXV4IQgVL51OSQQCwSoihQ17EwugePKFSAZRc0EI+y7Ly4q7j5KyURlA7LgRpFieO4JOw==}

  typescript@5.9.3:
    resolution: {integrity: sha512-jl1vZzPDinLr9eUt3J/t7V6FgNEw9QjvBPdysz9KfQDD41fQrC2Y4vKQdiaUpFT4bXlb1RHhLpp8wtm6M5TgSw==}
    engines: {node: '>=14.17'}
    hasBin: true

snapshots:

  '@types/firefox-webext-browser@143.0.0': {}

  typescript@5.9.3: {}
